<Solution>
  <Folder Name="/API/">
    <Project Path="DientesLimpios.API/DientesLimpios.API.csproj" />
  </Folder>
  <Folder Name="/Core/">
    <Project Path="DientesLimpios.Application/DientesLimpios.Application.csproj" />
    <Project Path="DientesLimpios.Domain/DientesLimpios.Domain.csproj" />
  </Folder>
  <Folder Name="/Infrastructure/">
    <Project Path="DientesLimpios.Identity/DientesLimpios.Identity.csproj" Id="c6e17955-74ed-417f-baf1-af63a7c36e88" />
    <Project Path="DientesLimpios.Infrastructure/DientesLimpios.Infrastructure.csproj" Id="f0718158-3337-46b6-9caa-05c3fab08966" />
    <Project Path="DientesLimpios.Persistence/DientesLimpios.Persistence.csproj" />
  </Folder>
<Folder Name="/Tests/">
  <Project Path="DientesLimpios.ArchitectureTests/DientesLimpios.ArchitectureTests.csproj" Id="e73d9872-5f39-4c57-84f5-6f6795b3f5a6" />
  <Project Path="DientesLimpios.IntegrationTests/DientesLimpios.IntegrationTests.csproj" Id="61ba5c6a-b02b-4295-972d-914fcc632595" />
  <Project Path="DientesLimpios.Tests/DientesLimpios.Tests.csproj" />
</Folder>
<Folder Name="/Solution Items/">
  <File Path=".editorconfig" />
  <File Path="Directory.Build.props" />
  <File Path="Directory.Packages.props" />
</Folder>
</Solution>
